
Microsoft Visual Studio Solution File, Format Version 12.00
# Visual Studio Version 16
VisualStudioVersion = 16.0.29324.140
MinimumVisualStudioVersion = 10.0.40219.1
Project("{FAE04EC0-301F-11D3-BF4B-00C04F79EFBC}") = "TPLarano", "TPLarano.csproj", "{BFE0AB97-9331-4E43-85AD-F8A00C12683C}"
EndProject
Global
	GlobalSection(SolutionConfigurationPlatforms) = preSolution
		Debug|Any CPU = Debug|Any CPU
		Release|Any CPU = Release|Any CPU
	EndGlobalSection
	GlobalSection(ProjectConfigurationPlatforms) = postSolution
		{BFE0AB97-9331-4E43-85AD-F8A00C12683C}.Debug|Any CPU.ActiveCfg = Debug|Any CPU
		{BFE0AB97-9331-4E43-85AD-F8A00C12683C}.Debug|Any CPU.Build.0 = Debug|Any CPU
		{BFE0AB97-9331-4E43-85AD-F8A00C12683C}.Release|Any CPU.ActiveCfg = Release|Any CPU
		{BFE0AB97-9331-4E43-85AD-F8A00C12683C}.Release|Any CPU.Build.0 = Release|Any CPU
	EndGlobalSection
	GlobalSection(SolutionProperties) = preSolution
		HideSolutionNode = FALSE
	EndGlobalSection
	GlobalSection(ExtensibilityGlobals) = postSolution
		SolutionGuid = {FA3E9ACB-7FC0-4767-9FE8-084E301180A9}
	EndGlobalSection
EndGlobal
